{
  "name": "hakanyalcinkaya",
  "version": "1.0.0",
  "lockfileVersion": 1,
  "requires": true,
  "dependencies": {
    "@types/node": {
      "version": "10.12.18",
      "resolved": "https://registry.npmjs.org/@types/node/-/node-10.12.18.tgz",
      "integrity": "sha512-fh+pAqt4xRzPfqA6eh3Z2y6fyZavRIumvjhaCL753+TVkGKGhpPeyrJG2JftD0T9q4GF00KjefsQ+PQNDdWQaQ=="
    },
    "@vuepress/plugin-back-to-top": {
      "version": "1.0.0-alpha.0",
      "resolved": "https://registry.npmjs.org/@vuepress/plugin-back-to-top/-/plugin-back-to-top-1.0.0-alpha.0.tgz",
      "integrity": "sha512-Ll7AdL/Lnnqft73NVJlnlZQeWurJ4U6dfeBsbcJjnywrldQ3M4nVdXWxXVCpMOILxpIuzEPhS60sudk93rVtgQ==",
      "dev": true,
      "requires": {
        "lodash.debounce": "^4.0.8"
      }
    },
    "@vuepress/plugin-blog": {
      "version": "1.0.0-alpha.0",
      "resolved": "https://registry.npmjs.org/@vuepress/plugin-blog/-/plugin-blog-1.0.0-alpha.0.tgz",
      "integrity": "sha512-s7fBHJShId5gGU/HKYvLgmhUcrgi88xkeGxCNOcz8QT7dXBl1KM/SvR4zlD06RNSzYDpWL5/4CykpJXDRpLGFg==",
      "dev": true
    },
    "@vuepress/plugin-google-analytics": {
      "version": "1.0.0-alpha.0",
      "resolved": "https://registry.npmjs.org/@vuepress/plugin-google-analytics/-/plugin-google-analytics-1.0.0-alpha.0.tgz",
      "integrity": "sha512-WNUIayJFBmTb06bjvFeJd5TlT4qoYcCLN15zkEGeAGH8tCH2BtrwMkSG3BiiWSh3xRUy7kDHhsuclSZcRY08EQ==",
      "dev": true
    },
    "@vuepress/plugin-medium-zoom": {
      "version": "1.0.0-alpha.0",
      "resolved": "https://registry.npmjs.org/@vuepress/plugin-medium-zoom/-/plugin-medium-zoom-1.0.0-alpha.0.tgz",
      "integrity": "sha512-yAvRhoMRH0OSKqYna/fvfxgFQ6kp/8AmdrPiZRB2POGbHcP+I6igoqAlxGO+5h9l25e94XGwoCTFTJu8m2uuCw==",
      "dev": true,
      "requires": {
        "medium-zoom": "^0.4.0"
      }
    },
    "async": {
      "version": "2.6.1",
      "resolved": "https://registry.npmjs.org/async/-/async-2.6.1.tgz",
      "integrity": "sha512-fNEiL2+AZt6AlAw/29Cr0UDe4sRAHCpEHh54WMz+Bb7QfNcFw4h3loofyJpLeQs4Yx7yuqu/2dLgM5hKOs6HlQ==",
      "requires": {
        "lodash": "^4.17.10"
      }
    },
    "boolbase": {
      "version": "1.0.0",
      "resolved": "https://registry.npmjs.org/boolbase/-/boolbase-1.0.0.tgz",
      "integrity": "sha1-aN/1++YMUes3cl6p4+0xDcwed24="
    },
    "cheerio": {
      "version": "1.0.0-rc.2",
      "resolved": "https://registry.npmjs.org/cheerio/-/cheerio-1.0.0-rc.2.tgz",
      "integrity": "sha1-S59TqBsn5NXawxwP/Qz6A8xoMNs=",
      "requires": {
        "css-select": "~1.2.0",
        "dom-serializer": "~0.1.0",
        "entities": "~1.1.1",
        "htmlparser2": "^3.9.1",
        "lodash": "^4.15.0",
        "parse5": "^3.0.1"
      }
    },
    "core-js": {
      "version": "2.6.1",
      "resolved": "https://registry.npmjs.org/core-js/-/core-js-2.6.1.tgz",
      "integrity": "sha512-L72mmmEayPJBejKIWe2pYtGis5r0tQ5NaJekdhyXgeMQTpJoBsH0NL4ElY2LfSoV15xeQWKQ+XTTOZdyero5Xg=="
    },
    "cp-file": {
      "version": "6.0.0",
      "resolved": "https://registry.npmjs.org/cp-file/-/cp-file-6.0.0.tgz",
      "integrity": "sha512-OtHMgPugkgwHlbph25wlMKd358lZNhX1Y2viUpPoFmlBPlEiPIRhztYWha11grbGPnlM+urp5saVmwsChCIOEg==",
      "requires": {
        "graceful-fs": "^4.1.2",
        "make-dir": "^1.0.0",
        "nested-error-stacks": "^2.0.0",
        "pify": "^3.0.0",
        "safe-buffer": "^5.0.1"
      }
    },
    "crypto-random-string": {
      "version": "1.0.0",
      "resolved": "https://registry.npmjs.org/crypto-random-string/-/crypto-random-string-1.0.0.tgz",
      "integrity": "sha1-ojD2T1aDEOFJgAmUB5DsmVRbyn4="
    },
    "css-select": {
      "version": "1.2.0",
      "resolved": "https://registry.npmjs.org/css-select/-/css-select-1.2.0.tgz",
      "integrity": "sha1-KzoRBTnFNV8c2NMUYj6HCxIeyFg=",
      "requires": {
        "boolbase": "~1.0.0",
        "css-what": "2.1",
        "domutils": "1.5.1",
        "nth-check": "~1.0.1"
      }
    },
    "css-what": {
      "version": "2.1.2",
      "resolved": "https://registry.npmjs.org/css-what/-/css-what-2.1.2.tgz",
      "integrity": "sha512-wan8dMWQ0GUeF7DGEPVjhHemVW/vy6xUYmFzRY8RYqgA0JtXC9rJmbScBjqSu6dg9q0lwPQy6ZAmJVr3PPTvqQ=="
    },
    "custom-event-polyfill": {
      "version": "1.0.6",
      "resolved": "https://registry.npmjs.org/custom-event-polyfill/-/custom-event-polyfill-1.0.6.tgz",
      "integrity": "sha512-3FxpFlzGcHrDykwWu+xWVXZ8PfykM/9/bI3zXb953sh+AjInZWcQmrnmvPoZgiqNjmbtTm10PWvYqvRW527x6g=="
    },
    "date-fns": {
      "version": "1.29.0",
      "resolved": "https://registry.npmjs.org/date-fns/-/date-fns-1.29.0.tgz",
      "integrity": "sha512-lbTXWZ6M20cWH8N9S6afb0SBm6tMk+uUg6z3MqHPKE9atmsY3kJkTm8vKe93izJ2B2+q5MV990sM2CHgtAZaOw=="
    },
    "dom-serializer": {
      "version": "0.1.0",
      "resolved": "https://registry.npmjs.org/dom-serializer/-/dom-serializer-0.1.0.tgz",
      "integrity": "sha1-BzxpdUbOB4DOI75KKOKT5AvDDII=",
      "requires": {
        "domelementtype": "~1.1.1",
        "entities": "~1.1.1"
      },
      "dependencies": {
        "domelementtype": {
          "version": "1.1.3",
          "resolved": "https://registry.npmjs.org/domelementtype/-/domelementtype-1.1.3.tgz",
          "integrity": "sha1-vSh3PiZCiBrsUVRJJCmcXNgiGFs="
        }
      }
    },
    "domelementtype": {
      "version": "1.3.1",
      "resolved": "https://registry.npmjs.org/domelementtype/-/domelementtype-1.3.1.tgz",
      "integrity": "sha512-BSKB+TSpMpFI/HOxCNr1O8aMOTZ8hT3pM3GQ0w/mWRmkhEDSFJkkyzz4XQsBV44BChwGkrDfMyjVD0eA2aFV3w=="
    },
    "domhandler": {
      "version": "2.4.2",
      "resolved": "https://registry.npmjs.org/domhandler/-/domhandler-2.4.2.tgz",
      "integrity": "sha512-JiK04h0Ht5u/80fdLMCEmV4zkNh2BcoMFBmZ/91WtYZ8qVXSKjiw7fXMgFPnHcSZgOo3XdinHvmnDUeMf5R4wA==",
      "requires": {
        "domelementtype": "1"
      }
    },
    "domutils": {
      "version": "1.5.1",
      "resolved": "https://registry.npmjs.org/domutils/-/domutils-1.5.1.tgz",
      "integrity": "sha1-3NhIiib1Y9YQeeSMn3t+Mjc2gs8=",
      "requires": {
        "dom-serializer": "0",
        "domelementtype": "1"
      }
    },
    "entities": {
      "version": "1.1.2",
      "resolved": "https://registry.npmjs.org/entities/-/entities-1.1.2.tgz",
      "integrity": "sha512-f2LZMYl1Fzu7YSBKg+RoROelpOaNrcGmE9AZubeDfrCEia483oW4MI4VyFd5VNHIgQ/7qm1I0wUHK1eJnn2y2w=="
    },
    "graceful-fs": {
      "version": "4.1.15",
      "resolved": "https://registry.npmjs.org/graceful-fs/-/graceful-fs-4.1.15.tgz",
      "integrity": "sha512-6uHUhOPEBgQ24HM+r6b/QwWfZq+yiFcipKFrOFiBEnWdy5sdzYoi+pJeQaPI5qOLRFqWmAXUPQNsielzdLoecA=="
    },
    "htmlparser2": {
      "version": "3.10.0",
      "resolved": "https://registry.npmjs.org/htmlparser2/-/htmlparser2-3.10.0.tgz",
      "integrity": "sha512-J1nEUGv+MkXS0weHNWVKJJ+UrLfePxRWpN3C9bEi9fLxL2+ggW94DQvgYVXsaT30PGwYRIZKNZXuyMhp3Di4bQ==",
      "requires": {
        "domelementtype": "^1.3.0",
        "domhandler": "^2.3.0",
        "domutils": "^1.5.1",
        "entities": "^1.1.1",
        "inherits": "^2.0.1",
        "readable-stream": "^3.0.6"
      }
    },
    "iconv-lite": {
      "version": "0.4.24",
      "resolved": "https://registry.npmjs.org/iconv-lite/-/iconv-lite-0.4.24.tgz",
      "integrity": "sha512-v3MXnZAcvnywkTUEZomIActle7RXXeedOR31wwl7VlyoXO4Qi9arvSenNQWne1TcRwhCL1HwLI21bEqdpj8/rA==",
      "requires": {
        "safer-buffer": ">= 2.1.2 < 3"
      }
    },
    "inherits": {
      "version": "2.0.3",
      "resolved": "https://registry.npmjs.org/inherits/-/inherits-2.0.3.tgz",
      "integrity": "sha1-Yzwsg+PaQqUC9SRmAiSA9CCCYd4="
    },
    "loadjs": {
      "version": "3.5.5",
      "resolved": "https://registry.npmjs.org/loadjs/-/loadjs-3.5.5.tgz",
      "integrity": "sha512-qBuLnKt4C6+vctutozFqPHQ6s4SSa9tcE64NsvDJ92UZmUrFvqGI1oVOtnZz2xwpgOT+2niQtHtQIDP4e/wlTA=="
    },
    "lodash": {
      "version": "4.17.11",
      "resolved": "https://registry.npmjs.org/lodash/-/lodash-4.17.11.tgz",
      "integrity": "sha512-cQKh8igo5QUhZ7lg38DYWAxMvjSAKG0A8wGSVimP07SIUEK2UO+arSRKbRZWtelMtN5V0Hkwh5ryOto/SshYIg=="
    },
    "lodash.debounce": {
      "version": "4.0.8",
      "resolved": "https://registry.npmjs.org/lodash.debounce/-/lodash.debounce-4.0.8.tgz",
      "integrity": "sha1-gteb/zCmfEAF/9XiUVMArZyk168=",
      "dev": true
    },
    "make-dir": {
      "version": "1.3.0",
      "resolved": "https://registry.npmjs.org/make-dir/-/make-dir-1.3.0.tgz",
      "integrity": "sha512-2w31R7SJtieJJnQtGc7RVL2StM2vGYVfqUOvUDxH6bC6aJTxPxTF0GnIgCyu7tjockiUWAYQRbxa7vKn34s5sQ==",
      "requires": {
        "pify": "^3.0.0"
      }
    },
    "medium-zoom": {
      "version": "0.4.0",
      "resolved": "http://registry.npmjs.org/medium-zoom/-/medium-zoom-0.4.0.tgz",
      "integrity": "sha512-0z7yMfd6I1BTCAa8QaR4cp5AqDkQD571GzhHIbbfefKEssGLSvs+4Xai/itOAncm4FBlF5gUoMQ22yW9/f8Sig==",
      "dev": true
    },
    "mitt": {
      "version": "1.1.3",
      "resolved": "https://registry.npmjs.org/mitt/-/mitt-1.1.3.tgz",
      "integrity": "sha512-mUDCnVNsAi+eD6qA0HkRkwYczbLHJ49z17BGe2PYRhZL4wpZUFZGJHU7/5tmvohoma+Hdn0Vh/oJTiPEmgSruA=="
    },
    "moment": {
      "version": "2.23.0",
      "resolved": "https://registry.npmjs.org/moment/-/moment-2.23.0.tgz",
      "integrity": "sha512-3IE39bHVqFbWWaPOMHZF98Q9c3LDKGTmypMiTM2QygGXXElkFWIH7GxfmlwmY2vwa+wmNsoYZmG2iusf1ZjJoA=="
    },
    "nested-error-stacks": {
      "version": "2.1.0",
      "resolved": "https://registry.npmjs.org/nested-error-stacks/-/nested-error-stacks-2.1.0.tgz",
      "integrity": "sha512-AO81vsIO1k1sM4Zrd6Hu7regmJN1NSiAja10gc4bX3F0wd+9rQmcuHQaHVQCYIEC8iFXnE+mavh23GOt7wBgug=="
    },
    "normalize-url": {
      "version": "3.3.0",
      "resolved": "https://registry.npmjs.org/normalize-url/-/normalize-url-3.3.0.tgz",
      "integrity": "sha512-U+JJi7duF1o+u2pynbp2zXDW2/PADgC30f0GsHZtRh+HOcXHnw137TrNlyxxRvWW5fjKd3bcLHPxofWuCjaeZg=="
    },
    "nth-check": {
      "version": "1.0.2",
      "resolved": "https://registry.npmjs.org/nth-check/-/nth-check-1.0.2.tgz",
      "integrity": "sha512-WeBOdju8SnzPN5vTUJYxYUxLeXpCaVP5i5e0LF8fg7WORF2Wd7wFX/pk0tYZk7s8T+J7VLy0Da6J1+wCT0AtHg==",
      "requires": {
        "boolbase": "~1.0.0"
      }
    },
    "parse5": {
      "version": "3.0.3",
      "resolved": "https://registry.npmjs.org/parse5/-/parse5-3.0.3.tgz",
      "integrity": "sha512-rgO9Zg5LLLkfJF9E6CCmXlSE4UVceloys8JrFqCcHloC3usd/kJCyPDwH2SOlzix2j3xaP9sUX3e8+kvkuleAA==",
      "requires": {
        "@types/node": "*"
      }
    },
    "pify": {
      "version": "3.0.0",
      "resolved": "https://registry.npmjs.org/pify/-/pify-3.0.0.tgz",
      "integrity": "sha1-5aSs0sEB/fPZpNB/DbxNtJ3SgXY="
    },
    "plyr": {
      "version": "3.4.7",
      "resolved": "https://registry.npmjs.org/plyr/-/plyr-3.4.7.tgz",
      "integrity": "sha512-RxxT2WdC4/sEZQT7CBZqKx5ImVw96aWjT6kB6DM82jy9GcWDiBBnv04m/AeeaXg9S5ambPdiHhB6Pzfm2q84Gw==",
      "requires": {
        "core-js": "^2.5.7",
        "custom-event-polyfill": "^1.0.6",
        "loadjs": "^3.5.4",
        "raven-js": "^3.27.0",
        "url-polyfill": "^1.1.0"
      }
    },
    "querystringify": {
      "version": "2.1.0",
      "resolved": "https://registry.npmjs.org/querystringify/-/querystringify-2.1.0.tgz",
      "integrity": "sha512-sluvZZ1YiTLD5jsqZcDmFyV2EwToyXZBfpoVOmktMmW+VEnhgakFHnasVph65fOjGPTWN0Nw3+XQaSeMayr0kg=="
    },
    "raven-js": {
      "version": "3.27.0",
      "resolved": "https://registry.npmjs.org/raven-js/-/raven-js-3.27.0.tgz",
      "integrity": "sha512-vChdOL+yzecfnGA+B5EhEZkJ3kY3KlMzxEhShKh6Vdtooyl0yZfYNFQfYzgMf2v4pyQa+OTZ5esTxxgOOZDHqw=="
    },
    "readable-stream": {
      "version": "3.1.1",
      "resolved": "https://registry.npmjs.org/readable-stream/-/readable-stream-3.1.1.tgz",
      "integrity": "sha512-DkN66hPyqDhnIQ6Jcsvx9bFjhw214O4poMBcIMgPVpQvNy9a0e0Uhg5SqySyDKAmUlwt8LonTBz1ezOnM8pUdA==",
      "requires": {
        "inherits": "^2.0.3",
        "string_decoder": "^1.1.1",
        "util-deprecate": "^1.0.1"
      }
    },
    "requires-port": {
      "version": "1.0.0",
      "resolved": "https://registry.npmjs.org/requires-port/-/requires-port-1.0.0.tgz",
      "integrity": "sha1-kl0mAdOaxIXgkc8NpcbmlNw9yv8="
    },
    "robots-parser": {
      "version": "1.0.2",
      "resolved": "https://registry.npmjs.org/robots-parser/-/robots-parser-1.0.2.tgz",
      "integrity": "sha512-c979P2TTe5Ezjg+VV5XWC59bab1w1Xyb8KLnJ5SKuwN7YH+ys8Y5KCZ2OP2J7zXVE7Yq0eYWlrqUM/urIbx9sg=="
    },
    "safe-buffer": {
      "version": "5.1.2",
      "resolved": "https://registry.npmjs.org/safe-buffer/-/safe-buffer-5.1.2.tgz",
      "integrity": "sha512-Gd2UZBJDkXlY7GbJxfsE8/nvKkUEU1G38c1siN6QP6a9PT9MmHB8GnpscSmMJSoF8LOIrt8ud/wPtojys4G6+g=="
    },
    "safer-buffer": {
      "version": "2.1.2",
      "resolved": "https://registry.npmjs.org/safer-buffer/-/safer-buffer-2.1.2.tgz",
      "integrity": "sha512-YZo3K82SD7Riyi0E1EQPojLz7kpepnSQI9IyPbHHg1XXXevb5dJI7tpyN2ADxGcQbHG7vcyRHk0cbwqcQriUtg=="
    },
    "simplecrawler": {
      "version": "1.1.6",
      "resolved": "https://registry.npmjs.org/simplecrawler/-/simplecrawler-1.1.6.tgz",
      "integrity": "sha512-TsXJVzrKZuExJPq7juipV76KIE+D3a9IWWve6v+BBCuwFWhFYl9BOFZtARWBwb08KtI4eTZ/GGu9QuboJzo62w==",
      "requires": {
        "async": "^2.1.4",
        "iconv-lite": "^0.4.13",
        "robots-parser": "^1.0.0",
        "urijs": "^1.18.11"
      }
    },
    "sitemap-generator": {
      "version": "8.3.2",
      "resolved": "https://registry.npmjs.org/sitemap-generator/-/sitemap-generator-8.3.2.tgz",
      "integrity": "sha512-4dxegd4IZiycU+v9Z9qW464JgbGF06MjctYU31JrjozbbZ8YJWfBAYToTGSRZaAvsUAcx3cjht/qtX/06hCzqw==",
      "requires": {
        "async": "2.6.1",
        "cheerio": "1.0.0-rc.2",
        "cp-file": "6.0.0",
        "crypto-random-string": "1.0.0",
        "date-fns": "1.29.0",
        "lodash": "4.17.11",
        "mitt": "1.1.3",
        "normalize-url": "3.3.0",
        "simplecrawler": "1.1.6",
        "url-parse": "1.4.3"
      }
    },
    "string_decoder": {
      "version": "1.2.0",
      "resolved": "https://registry.npmjs.org/string_decoder/-/string_decoder-1.2.0.tgz",
      "integrity": "sha512-6YqyX6ZWEYguAxgZzHGL7SsCeGx3V2TtOTqZz1xSTSWnqsbWwbptafNyvf/ACquZUXV3DANr5BDIwNYe1mN42w==",
      "requires": {
        "safe-buffer": "~5.1.0"
      }
    },
    "urijs": {
      "version": "1.19.1",
      "resolved": "https://registry.npmjs.org/urijs/-/urijs-1.19.1.tgz",
      "integrity": "sha512-xVrGVi94ueCJNrBSTjWqjvtgvl3cyOTThp2zaMaFNGp3F542TR6sM3f2o8RqZl+AwteClSVmoCyt0ka4RjQOQg=="
    },
    "url-parse": {
      "version": "1.4.3",
      "resolved": "https://registry.npmjs.org/url-parse/-/url-parse-1.4.3.tgz",
      "integrity": "sha512-rh+KuAW36YKo0vClhQzLLveoj8FwPJNu65xLb7Mrt+eZht0IPT0IXgSv8gcMegZ6NvjJUALf6Mf25POlMwD1Fw==",
      "requires": {
        "querystringify": "^2.0.0",
        "requires-port": "^1.0.0"
      }
    },
    "url-polyfill": {
      "version": "1.1.3",
      "resolved": "https://registry.npmjs.org/url-polyfill/-/url-polyfill-1.1.3.tgz",
      "integrity": "sha512-xIAXc0DyXJCd767sSeRu4eqisyYhR0z0sohWArCn+WPwIatD39xGrc09l+tluIUi6jGkpGa8Gz8TKwkKYxMQvQ=="
    },
    "util-deprecate": {
      "version": "1.0.2",
      "resolved": "https://registry.npmjs.org/util-deprecate/-/util-deprecate-1.0.2.tgz",
      "integrity": "sha1-RQ1Nyfpw3nMnYvvS1KKJgUGaDM8="
    },
    "vue-moment": {
      "version": "4.0.0",
      "resolved": "https://registry.npmjs.org/vue-moment/-/vue-moment-4.0.0.tgz",
      "integrity": "sha512-lNkEPuA3i3A4q4TDSwOXoRF4Y2vHHdaTOSvpPyGgxoFQP8n4sUh6jU5aJj3FIMlXo5UaHLPIz5hvvpvYx9Wj0w==",
      "requires": {
        "moment": "^2.11.1"
      }
    },
    "vue-plyr": {
      "version": "5.0.4",
      "resolved": "https://registry.npmjs.org/vue-plyr/-/vue-plyr-5.0.4.tgz",
      "integrity": "sha512-zOLD7SZiYR/8DPYkZZR9zGTV+04GAc+fhnBymAWSRryncAG4889cYxXJSbIvlsNVGpdGRIOSIZ4p6pIupfmZ5w==",
      "requires": {
        "plyr": "^3.4.5"
      }
    }
  }
}
