{
  "name": "hakanyalcinkaya",
  "version": "1.0.0",
  "lockfileVersion": 1,
  "requires": true,
  "dependencies": {
    "@vuepress/plugin-back-to-top": {
      "version": "1.0.0-alpha.0",
      "dev": true,
      "requires": {
        "lodash.debounce": "^4.0.8"
      }
    },
    "@vuepress/plugin-blog": {
      "version": "1.0.0-alpha.0",
      "dev": true
    },
    "@vuepress/plugin-google-analytics": {
      "version": "1.0.0-alpha.0",
      "dev": true
    },
    "@vuepress/plugin-medium-zoom": {
      "version": "1.0.0-alpha.0",
      "dev": true,
      "requires": {
        "medium-zoom": "^0.4.0"
      }
    },
    "core-js": {
      "version": "2.6.1",
      "resolved": "https://registry.npmjs.org/core-js/-/core-js-2.6.1.tgz",
      "integrity": "sha512-L72mmmEayPJBejKIWe2pYtGis5r0tQ5NaJekdhyXgeMQTpJoBsH0NL4ElY2LfSoV15xeQWKQ+XTTOZdyero5Xg=="
    },
    "custom-event-polyfill": {
      "version": "1.0.6",
      "resolved": "https://registry.npmjs.org/custom-event-polyfill/-/custom-event-polyfill-1.0.6.tgz",
      "integrity": "sha512-3FxpFlzGcHrDykwWu+xWVXZ8PfykM/9/bI3zXb953sh+AjInZWcQmrnmvPoZgiqNjmbtTm10PWvYqvRW527x6g=="
    },
    "loadjs": {
      "version": "3.5.5",
      "resolved": "https://registry.npmjs.org/loadjs/-/loadjs-3.5.5.tgz",
      "integrity": "sha512-qBuLnKt4C6+vctutozFqPHQ6s4SSa9tcE64NsvDJ92UZmUrFvqGI1oVOtnZz2xwpgOT+2niQtHtQIDP4e/wlTA=="
    },
    "lodash.debounce": {
      "version": "4.0.8",
      "resolved": "https://registry.npmjs.org/lodash.debounce/-/lodash.debounce-4.0.8.tgz",
      "integrity": "sha1-gteb/zCmfEAF/9XiUVMArZyk168=",
      "dev": true
    },
    "medium-zoom": {
      "version": "0.4.0",
      "resolved": "http://registry.npmjs.org/medium-zoom/-/medium-zoom-0.4.0.tgz",
      "integrity": "sha512-0z7yMfd6I1BTCAa8QaR4cp5AqDkQD571GzhHIbbfefKEssGLSvs+4Xai/itOAncm4FBlF5gUoMQ22yW9/f8Sig==",
      "dev": true
    },
    "moment": {
      "version": "2.23.0",
      "resolved": "https://registry.npmjs.org/moment/-/moment-2.23.0.tgz",
      "integrity": "sha512-3IE39bHVqFbWWaPOMHZF98Q9c3LDKGTmypMiTM2QygGXXElkFWIH7GxfmlwmY2vwa+wmNsoYZmG2iusf1ZjJoA=="
    },
    "plyr": {
      "version": "3.4.7",
      "resolved": "https://registry.npmjs.org/plyr/-/plyr-3.4.7.tgz",
      "integrity": "sha512-RxxT2WdC4/sEZQT7CBZqKx5ImVw96aWjT6kB6DM82jy9GcWDiBBnv04m/AeeaXg9S5ambPdiHhB6Pzfm2q84Gw==",
      "requires": {
        "core-js": "^2.5.7",
        "custom-event-polyfill": "^1.0.6",
        "loadjs": "^3.5.4",
        "raven-js": "^3.27.0",
        "url-polyfill": "^1.1.0"
      }
    },
    "raven-js": {
      "version": "3.27.0",
      "resolved": "https://registry.npmjs.org/raven-js/-/raven-js-3.27.0.tgz",
      "integrity": "sha512-vChdOL+yzecfnGA+B5EhEZkJ3kY3KlMzxEhShKh6Vdtooyl0yZfYNFQfYzgMf2v4pyQa+OTZ5esTxxgOOZDHqw=="
    },
    "url-polyfill": {
      "version": "1.1.3",
      "resolved": "https://registry.npmjs.org/url-polyfill/-/url-polyfill-1.1.3.tgz",
      "integrity": "sha512-xIAXc0DyXJCd767sSeRu4eqisyYhR0z0sohWArCn+WPwIatD39xGrc09l+tluIUi6jGkpGa8Gz8TKwkKYxMQvQ=="
    },
    "vue-moment": {
      "version": "4.0.0",
      "requires": {
        "moment": "^2.11.1"
      }
    },
    "vue-plyr": {
      "version": "5.0.4",
      "resolved": "https://registry.npmjs.org/vue-plyr/-/vue-plyr-5.0.4.tgz",
      "integrity": "sha512-zOLD7SZiYR/8DPYkZZR9zGTV+04GAc+fhnBymAWSRryncAG4889cYxXJSbIvlsNVGpdGRIOSIZ4p6pIupfmZ5w==",
      "requires": {
        "plyr": "^3.4.5"
      }
    }
  }
}
