# THIS IS AN AUTOGENERATED FILE. DO NOT EDIT THIS FILE DIRECTLY.
# yarn lockfile v1


"@vuepress/plugin-back-to-top@^1.0.0-alpha.0":
  version "1.0.0-alpha.0"
  resolved "https://registry.yarnpkg.com/@vuepress/plugin-back-to-top/-/plugin-back-to-top-1.0.0-alpha.0.tgz#401513b39d5dd081f49404c35ab6f51002c1cca0"
  integrity sha512-Ll7AdL/Lnnqft73NVJlnlZQeWurJ4U6dfeBsbcJjnywrldQ3M4nVdXWxXVCpMOILxpIuzEPhS60sudk93rVtgQ==
  dependencies:
    lodash.debounce "^4.0.8"

"@vuepress/plugin-blog@^1.0.0-alpha.0":
  version "1.0.0-alpha.0"
  resolved "https://registry.yarnpkg.com/@vuepress/plugin-blog/-/plugin-blog-1.0.0-alpha.0.tgz#41136410cf3d5ddfbd577e699a92daf18c04a180"
  integrity sha512-s7fBHJShId5gGU/HKYvLgmhUcrgi88xkeGxCNOcz8QT7dXBl1KM/SvR4zlD06RNSzYDpWL5/4CykpJXDRpLGFg==

"@vuepress/plugin-google-analytics@^1.0.0-alpha.0":
  version "1.0.0-alpha.0"
  resolved "https://registry.yarnpkg.com/@vuepress/plugin-google-analytics/-/plugin-google-analytics-1.0.0-alpha.0.tgz#97acb3a512dca9b2b6e4014fa2d58da38e2a01b9"
  integrity sha512-WNUIayJFBmTb06bjvFeJd5TlT4qoYcCLN15zkEGeAGH8tCH2BtrwMkSG3BiiWSh3xRUy7kDHhsuclSZcRY08EQ==

"@vuepress/plugin-medium-zoom@^1.0.0-alpha.0":
  version "1.0.0-alpha.0"
  resolved "https://registry.yarnpkg.com/@vuepress/plugin-medium-zoom/-/plugin-medium-zoom-1.0.0-alpha.0.tgz#efb6bd10d41c64161e3e25d6108fe527ebd4abad"
  integrity sha512-yAvRhoMRH0OSKqYna/fvfxgFQ6kp/8AmdrPiZRB2POGbHcP+I6igoqAlxGO+5h9l25e94XGwoCTFTJu8m2uuCw==
  dependencies:
    medium-zoom "^0.4.0"

lodash.debounce@^4.0.8:
  version "4.0.8"
  resolved "https://registry.yarnpkg.com/lodash.debounce/-/lodash.debounce-4.0.8.tgz#82d79bff30a67c4005ffd5e2515300ad9ca4d7af"
  integrity sha1-gteb/zCmfEAF/9XiUVMArZyk168=

medium-zoom@^0.4.0:
  version "0.4.0"
  resolved "https://registry.yarnpkg.com/medium-zoom/-/medium-zoom-0.4.0.tgz#8e13c9b754903c0c903220611af0d3cd373a4222"
  integrity sha512-0z7yMfd6I1BTCAa8QaR4cp5AqDkQD571GzhHIbbfefKEssGLSvs+4Xai/itOAncm4FBlF5gUoMQ22yW9/f8Sig==

moment@^2.11.1:
  version "2.23.0"
  resolved "https://registry.yarnpkg.com/moment/-/moment-2.23.0.tgz#759ea491ac97d54bac5ad776996e2a58cc1bc225"
  integrity sha512-3IE39bHVqFbWWaPOMHZF98Q9c3LDKGTmypMiTM2QygGXXElkFWIH7GxfmlwmY2vwa+wmNsoYZmG2iusf1ZjJoA==

vue-moment@^4.0.0:
  version "4.0.0"
  resolved "https://registry.yarnpkg.com/vue-moment/-/vue-moment-4.0.0.tgz#20809d1e7d7fca63d556fb8d008b95993d32f5ea"
  integrity sha512-lNkEPuA3i3A4q4TDSwOXoRF4Y2vHHdaTOSvpPyGgxoFQP8n4sUh6jU5aJj3FIMlXo5UaHLPIz5hvvpvYx9Wj0w==
  dependencies:
    moment "^2.11.1"
